<?xml version="1.0" encoding="utf-8"?>
<Project ToolsVersion="4.0" xmlns="http://schemas.microsoft.com/developer/msbuild/2003">
  <ItemGroup>
    <ClCompile Include="$(WEBOTS_HOME)\src\controller\cpp\Accelerometer.cpp">
      <Filter>Webots</Filter>
    </ClCompile>
    <ClCompile Include="$(WEBOTS_HOME)\src\controller\cpp\Altimeter.cpp">
      <Filter>Webots</Filter>
    </ClCompile>
    <ClCompile Include="$(WEBOTS_HOME)\src\controller\cpp\Brake.cpp">
      <Filter>Webots</Filter>
    </ClCompile>
    <ClCompile Include="$(WEBOTS_HOME)\src\controller\cpp\Camera.cpp">
      <Filter>Webots</Filter>
    </ClCompile>
    <ClCompile Include="$(WEBOTS_HOME)\src\controller\cpp\Compass.cpp">
      <Filter>Webots</Filter>
    </ClCompile>
    <ClCompile Include="$(WEBOTS_HOME)\src\controller\cpp\Connector.cpp">
      <Filter>Webots</Filter>
    </ClCompile>
    <ClCompile Include="$(WEBOTS_HOME)\src\controller\cpp\Device.cpp">
      <Filter>Webots</Filter>
    </ClCompile>
    <ClCompile Include="$(WEBOTS_HOME)\src\controller\cpp\Display.cpp">
      <Filter>Webots</Filter>
    </ClCompile>
    <ClCompile Include="$(WEBOTS_HOME)\src\controller\cpp\DistanceSensor.cpp">
      <Filter>Webots</Filter>
    </ClCompile>
    <ClCompile Include="$(WEBOTS_HOME)\src\controller\cpp\Emitter.cpp">
      <Filter>Webots</Filter>
    </ClCompile>
    <ClCompile Include="$(WEBOTS_HOME)\src\controller\cpp\Field.cpp">
      <Filter>Webots</Filter>
    </ClCompile>
    <ClCompile Include="$(WEBOTS_HOME)\src\controller\cpp\GPS.cpp">
      <Filter>Webots</Filter>
    </ClCompile>
    <ClCompile Include="$(WEBOTS_HOME)\src\controller\cpp\Gyro.cpp">
      <Filter>Webots</Filter>
    </ClCompile>
    <ClCompile Include="$(WEBOTS_HOME)\src\controller\cpp\InertialUnit.cpp">
      <Filter>Webots</Filter>
    </ClCompile>
    <ClCompile Include="$(WEBOTS_HOME)\src\controller\cpp\Joystick.cpp">
      <Filter>Webots</Filter>
    </ClCompile>
    <ClCompile Include="$(WEBOTS_HOME)\src\controller\cpp\Keyboard.cpp">
      <Filter>Webots</Filter>
    </ClCompile>
    <ClCompile Include="$(WEBOTS_HOME)\src\controller\cpp\LED.cpp">
      <Filter>Webots</Filter>
    </ClCompile>
    <ClCompile Include="$(WEBOTS_HOME)\src\controller\cpp\Lidar.cpp">
      <Filter>Webots</Filter>
    </ClCompile>
    <ClCompile Include="$(WEBOTS_HOME)\src\controller\cpp\LightSensor.cpp">
      <Filter>Webots</Filter>
    </ClCompile>
    <ClCompile Include="$(WEBOTS_HOME)\src\controller\cpp\Motion.cpp">
      <Filter>Webots</Filter>
    </ClCompile>
    <ClCompile Include="$(WEBOTS_HOME)\src\controller\cpp\Motor.cpp">
      <Filter>Webots</Filter>
    </ClCompile>
    <ClCompile Include="$(WEBOTS_HOME)\src\controller\cpp\Mouse.cpp">
      <Filter>Webots</Filter>
    </ClCompile>
    <ClCompile Include="$(WEBOTS_HOME)\src\controller\cpp\Node.cpp">
      <Filter>Webots</Filter>
    </ClCompile>
    <ClCompile Include="$(WEBOTS_HOME)\src\controller\cpp\Pen.cpp">
      <Filter>Webots</Filter>
    </ClCompile>
    <ClCompile Include="$(WEBOTS_HOME)\src\controller\cpp\PositionSensor.cpp">
      <Filter>Webots</Filter>
    </ClCompile>
    <ClCompile Include="$(WEBOTS_HOME)\src\controller\cpp\Radar.cpp">
      <Filter>Webots</Filter>
    </ClCompile>
    <ClCompile Include="$(WEBOTS_HOME)\src\controller\cpp\RangeFinder.cpp">
      <Filter>Webots</Filter>
    </ClCompile>
    <ClCompile Include="$(WEBOTS_HOME)\src\controller\cpp\Receiver.cpp">
      <Filter>Webots</Filter>
    </ClCompile>
    <ClCompile Include="$(WEBOTS_HOME)\src\controller\cpp\Robot.cpp">
      <Filter>Webots</Filter>
    </ClCompile>
    <ClCompile Include="$(WEBOTS_HOME)\src\controller\cpp\Skin.cpp">
      <Filter>Webots</Filter>
    </ClCompile>
    <ClCompile Include="$(WEBOTS_HOME)\src\controller\cpp\Speaker.cpp">
      <Filter>Webots</Filter>
    </ClCompile>
    <ClCompile Include="$(WEBOTS_HOME)\src\controller\cpp\Supervisor.cpp">
      <Filter>Webots</Filter>
    </ClCompile>
    <ClCompile Include="$(WEBOTS_HOME)\src\controller\cpp\TouchSensor.cpp">
      <Filter>Webots</Filter>
    </ClCompile>
    <ClCompile Include="math_lib.cpp" />
    <ClCompile Include="..\..\submodules\AERA_Protobuf\tcp_connection.cpp">
      <Filter>AERA_Protobuf</Filter>
    </ClCompile>
    <ClCompile Include="..\..\submodules\AERA_Protobuf\tcp_data_message.pb.cc">
      <Filter>AERA_Protobuf</Filter>
    </ClCompile>
    <ClCompile Include="..\AERA_controller_base\aera_controller.cpp">
      <Filter>AERA_controller_base</Filter>
    </ClCompile>
    <ClCompile Include="..\AERA_controller_base\toml_parser.cpp">
      <Filter>AERA_controller_base</Filter>
    </ClCompile>
    <ClCompile Include="turtlebot_controller.cpp" />
    <ClCompile Include="turtlebot_controller_main.cpp" />
  </ItemGroup>
  <ItemGroup>
    <Filter Include="Webots">
      <UniqueIdentifier>{c9999f84-ed8c-459e-8e0a-12de62ba8457}</UniqueIdentifier>
    </Filter>
    <Filter Include="AERA_Protobuf">
      <UniqueIdentifier>{b91cada9-df5f-40b2-8cb5-2534b353b757}</UniqueIdentifier>
    </Filter>
    <Filter Include="AERA_controller_base">
      <UniqueIdentifier>{b6918cbd-0492-4577-8ffd-37027d1bd77c}</UniqueIdentifier>
    </Filter>
  </ItemGroup>
  <ItemGroup>
    <ClInclude Include="math_lib.h" />
    <ClInclude Include="tip_camera.h" />
    <ClInclude Include="..\..\submodules\AERA_Protobuf\tcp_connection.h">
      <Filter>AERA_Protobuf</Filter>
    </ClInclude>
    <ClInclude Include="..\..\submodules\AERA_Protobuf\tcp_data_message.pb.h">
      <Filter>AERA_Protobuf</Filter>
    </ClInclude>
    <ClInclude Include="..\..\submodules\AERA_Protobuf\utils.h">
      <Filter>AERA_Protobuf</Filter>
    </ClInclude>
    <ClInclude Include="..\AERA_controller_base\aera_controller.h">
      <Filter>AERA_controller_base</Filter>
    </ClInclude>
    <ClInclude Include="..\AERA_controller_base\toml.h">
      <Filter>AERA_controller_base</Filter>
    </ClInclude>
    <ClInclude Include="..\AERA_controller_base\toml_parser.h">
      <Filter>AERA_controller_base</Filter>
    </ClInclude>
    <ClInclude Include="str_base.h" />
    <ClInclude Include="turtlebot_controller.h" />
  </ItemGroup>
  <ItemGroup>
    <None Include="settings.toml" />
    <None Include="..\..\submodules\AERA_Protobuf\README.md">
      <Filter>AERA_Protobuf</Filter>
    </None>
    <None Include="..\..\submodules\AERA_Protobuf\tcp_data_message.proto">
      <Filter>AERA_Protobuf</Filter>
    </None>
    <None Include="turtlebot_controller.vcxproj.filter" />
  </ItemGroup>
</Project>